// !$*UTF8*$!
{
	archiveVersion = 1;
	classes = {
	};
	objectVersion = 46;
	objects = {

/* Begin PBXBuildFile section */
		35CE16075934035C53558DAB /* InventoryItem.swift in Sources */ = {isa = PBXBuildFile; fileRef = 35CE19B06D1C4EFD5685953C /* InventoryItem.swift */; };
		35CE1B736F661DCF4D7020F6 /* Uom.swift in Sources */ = {isa = PBXBuildFile; fileRef = 35CE1CE6C8A1BE4967D0633F /* Uom.swift */; };
		35CE1DB996BC6DE917A5E446 /* DoorState.swift in Sources */ = {isa = PBXBuildFile; fileRef = 35CE11756F88B8009C549B94 /* DoorState.swift */; };
		35CE1DD759134EC89DBD0D29 /* Debug.swift in Sources */ = {isa = PBXBuildFile; fileRef = 35CE11C7BEE60991B0702A2A /* Debug.swift */; };
		35CE1E13F0E8E25DBCE8E9C9 /* DoorStateModel.swift in Sources */ = {isa = PBXBuildFile; fileRef = 35CE1698E311B04F89744CDB /* DoorStateModel.swift */; };
		4804CA5C1B7E4FB200F75BF5 /* ActionSheetPickerDelegate.swift in Sources */ = {isa = PBXBuildFile; fileRef = 4804CA5B1B7E4FB200F75BF5 /* ActionSheetPickerDelegate.swift */; };
		4880CD321B7CC4470025C38A /* CoreActionSheetPicker.framework in Frameworks */ = {isa = PBXBuildFile; fileRef = 4880CD311B7CC4470025C38A /* CoreActionSheetPicker.framework */; };
		489316451B831E3900DCB6BB /* AutocompleteModel.swift in Sources */ = {isa = PBXBuildFile; fileRef = 489316441B831E3900DCB6BB /* AutocompleteModel.swift */; };
		4893164D1B8367EF00DCB6BB /* CartEntryCustomCell.swift in Sources */ = {isa = PBXBuildFile; fileRef = 4893164C1B8367EF00DCB6BB /* CartEntryCustomCell.swift */; };
		489E4C751B79E093004A60FA /* ProductCustomCell.swift in Sources */ = {isa = PBXBuildFile; fileRef = 489E4C741B79E093004A60FA /* ProductCustomCell.swift */; };
		48B7C0DA1B846CDA00DC9B2D /* AutocompleteSuggestion.swift in Sources */ = {isa = PBXBuildFile; fileRef = 48B7C0D91B846CDA00DC9B2D /* AutocompleteSuggestion.swift */; };
		502DB1521B7150370036EF6B /* EventsDetailViewController.swift in Sources */ = {isa = PBXBuildFile; fileRef = 502DB1511B7150370036EF6B /* EventsDetailViewController.swift */; };
		5060B1D61B4EFE2A008B41FD /* AppDelegate.swift in Sources */ = {isa = PBXBuildFile; fileRef = 5060B1D51B4EFE2A008B41FD /* AppDelegate.swift */; };
		5060B1EE1B4EFE2A008B41FD /* FAU_FabLabTests.swift in Sources */ = {isa = PBXBuildFile; fileRef = 5060B1ED1B4EFE2A008B41FD /* FAU_FabLabTests.swift */; };
		507493681B5BFE6F0035BEB4 /* SwiftyJSON.framework in Frameworks */ = {isa = PBXBuildFile; fileRef = 507493671B5BFE6F0035BEB4 /* SwiftyJSON.framework */; };
		50DBE9041B6FA93000685B07 /* EventsCustomCell.swift in Sources */ = {isa = PBXBuildFile; fileRef = 50DBE9031B6FA93000685B07 /* EventsCustomCell.swift */; };
		8419B6101B6F6050000275A8 /* CheckoutCodeScannerViewController.swift in Sources */ = {isa = PBXBuildFile; fileRef = 8419B60F1B6F6050000275A8 /* CheckoutCodeScannerViewController.swift */; };
		8429B79A1B739C6D004C7DA0 /* RSBarcodes.framework in Frameworks */ = {isa = PBXBuildFile; fileRef = 84DC93121B669E0100981977 /* RSBarcodes.framework */; };
		8429B79B1B739C6D004C7DA0 /* RSBarcodes.framework in Embed Frameworks */ = {isa = PBXBuildFile; fileRef = 84DC93121B669E0100981977 /* RSBarcodes.framework */; settings = {ATTRIBUTES = (CodeSignOnCopy, RemoveHeadersOnCopy, ); }; };
		846100BE1B78696000393E63 /* ProductLocationViewController.swift in Sources */ = {isa = PBXBuildFile; fileRef = 846100BD1B78696000393E63 /* ProductLocationViewController.swift */; };
		84F53FEE1B73DD24008FB605 /* PayOrCancelViewController.swift in Sources */ = {isa = PBXBuildFile; fileRef = 84F53FED1B73DD24008FB605 /* PayOrCancelViewController.swift */; };
		84F53FF21B7419E7008FB605 /* checkout.png in Resources */ = {isa = PBXBuildFile; fileRef = 84F53FF11B7419E7008FB605 /* checkout.png */; };
		92078EB71B6E270E00A21AD9 /* Product.swift in Sources */ = {isa = PBXBuildFile; fileRef = 92078EB61B6E270E00A21AD9 /* Product.swift */; };
		92078EB91B6E293400A21AD9 /* Location.swift in Sources */ = {isa = PBXBuildFile; fileRef = 92078EB81B6E293400A21AD9 /* Location.swift */; };
		92078EBB1B6E29B200A21AD9 /* Category.swift in Sources */ = {isa = PBXBuildFile; fileRef = 92078EBA1B6E29B200A21AD9 /* Category.swift */; };
		92078EBD1B6E2D9D00A21AD9 /* ProductsearchModel.swift in Sources */ = {isa = PBXBuildFile; fileRef = 92078EBC1B6E2D9D00A21AD9 /* ProductsearchModel.swift */; };
		92078EC01B6E471200A21AD9 /* ProductsearchViewController.swift in Sources */ = {isa = PBXBuildFile; fileRef = 92078EBF1B6E471200A21AD9 /* ProductsearchViewController.swift */; };
		923E1F231B7A728C009CC545 /* DoorNavigationButtonController.swift in Sources */ = {isa = PBXBuildFile; fileRef = 923E1F221B7A728C009CC545 /* DoorNavigationButtonController.swift */; };
		923E1F251B7A735F009CC545 /* MalfunctionInfoController.swift in Sources */ = {isa = PBXBuildFile; fileRef = 923E1F241B7A735F009CC545 /* MalfunctionInfoController.swift */; };
		923E1F2A1B7AA25A009CC545 /* CartProduct.swift in Sources */ = {isa = PBXBuildFile; fileRef = 923E1F291B7AA25A009CC545 /* CartProduct.swift */; };
		923E1F2C1B7AA360009CC545 /* CartEntry.swift in Sources */ = {isa = PBXBuildFile; fileRef = 923E1F2B1B7AA360009CC545 /* CartEntry.swift */; };
		923E1F2F1B7AA3F7009CC545 /* CoreDataModel.xcdatamodeld in Sources */ = {isa = PBXBuildFile; fileRef = 923E1F2D1B7AA3F7009CC545 /* CoreDataModel.xcdatamodeld */; };
		923E1F311B7AA49A009CC545 /* CoreDataHelper.swift in Sources */ = {isa = PBXBuildFile; fileRef = 923E1F301B7AA49A009CC545 /* CoreDataHelper.swift */; };
		924352461B654CF200CBFA0C /* Kingfisher.framework in Frameworks */ = {isa = PBXBuildFile; fileRef = 924352451B654CF200CBFA0C /* Kingfisher.framework */; };
		92500ED21B72CD7C0093CC45 /* Cart.swift in Sources */ = {isa = PBXBuildFile; fileRef = 92500ECF1B72CD7C0093CC45 /* Cart.swift */; };
		92500ED41B72CD7C0093CC45 /* CartModel.swift in Sources */ = {isa = PBXBuildFile; fileRef = 92500ED11B72CD7C0093CC45 /* CartModel.swift */; };
		925AC32F1B6C245700057C7F /* Alamofire.framework in Frameworks */ = {isa = PBXBuildFile; fileRef = 925AC32E1B6C245700057C7F /* Alamofire.framework */; };
		927901C21B6D3AF300F95B09 /* news_nopicture.png in Resources */ = {isa = PBXBuildFile; fileRef = 927901C11B6D3AF300F95B09 /* news_nopicture.png */; };
		927901C41B6D3B2B00F95B09 /* Images.xcassets in Resources */ = {isa = PBXBuildFile; fileRef = 927901C31B6D3B2B00F95B09 /* Images.xcassets */; };
		927901CA1B6D3B9300F95B09 /* RestManager.swift in Sources */ = {isa = PBXBuildFile; fileRef = 927901C91B6D3B9300F95B09 /* RestManager.swift */; };
		927901D71B6D3EED00F95B09 /* NewsCustomCell.swift in Sources */ = {isa = PBXBuildFile; fileRef = 927901D61B6D3EED00F95B09 /* NewsCustomCell.swift */; };
		927901DC1B6D3F5700F95B09 /* ProductsearchCodeScannerViewController.swift in Sources */ = {isa = PBXBuildFile; fileRef = 927901DB1B6D3F5700F95B09 /* ProductsearchCodeScannerViewController.swift */; };
		927901DE1B6D3F5C00F95B09 /* EventsViewController.swift in Sources */ = {isa = PBXBuildFile; fileRef = 927901DD1B6D3F5C00F95B09 /* EventsViewController.swift */; };
		927901E11B6D3F6300F95B09 /* NewsDetailsViewController.swift in Sources */ = {isa = PBXBuildFile; fileRef = 927901DF1B6D3F6300F95B09 /* NewsDetailsViewController.swift */; };
		927901E21B6D3F6300F95B09 /* NewsViewController.swift in Sources */ = {isa = PBXBuildFile; fileRef = 927901E01B6D3F6300F95B09 /* NewsViewController.swift */; };
		927901E51B6D4AE300F95B09 /* NewsModel.swift in Sources */ = {isa = PBXBuildFile; fileRef = 927901E41B6D4AE300F95B09 /* NewsModel.swift */; };
		928054F41B6D893300D0D4FB /* ObjectMapper.framework in Frameworks */ = {isa = PBXBuildFile; fileRef = 928054F31B6D893300D0D4FB /* ObjectMapper.framework */; };
		928054F61B6D8A0C00D0D4FB /* News.swift in Sources */ = {isa = PBXBuildFile; fileRef = 928054F51B6D8A0C00D0D4FB /* News.swift */; };
		928054F91B6DA0D900D0D4FB /* Event.swift in Sources */ = {isa = PBXBuildFile; fileRef = 928054F81B6DA0D900D0D4FB /* Event.swift */; };
		928054FB1B6DA22000D0D4FB /* EventModel.swift in Sources */ = {isa = PBXBuildFile; fileRef = 928054FA1B6DA22000D0D4FB /* EventModel.swift */; };
		92C2F3151B7399AC0086481B /* CartViewController.swift in Sources */ = {isa = PBXBuildFile; fileRef = 92C2F3141B7399AC0086481B /* CartViewController.swift */; };
		92E1AF8C1B89E791007B242B /* FabTool.swift in Sources */ = {isa = PBXBuildFile; fileRef = 92E1AF8B1B89E791007B242B /* FabTool.swift */; };
		92F04A2F1B87D87C00C2ED81 /* ec2-52-28-16-59.eu-central-1.compute.amazonaws.com.cer in Resources */ = {isa = PBXBuildFile; fileRef = 92F04A2E1B87D5A300C2ED81 /* ec2-52-28-16-59.eu-central-1.compute.amazonaws.com.cer */; };
		92F04A321B87D92100C2ED81 /* LaunchScreen.xib in Resources */ = {isa = PBXBuildFile; fileRef = 5060B1E01B4EFE2A008B41FD /* LaunchScreen.xib */; };
		92F04A331B87D92F00C2ED81 /* Main.storyboard in Resources */ = {isa = PBXBuildFile; fileRef = 5060B1DB1B4EFE2A008B41FD /* Main.storyboard */; };
/* End PBXBuildFile section */

/* Begin PBXContainerItemProxy section */
		5060B1E81B4EFE2A008B41FD /* PBXContainerItemProxy */ = {
			isa = PBXContainerItemProxy;
			containerPortal = 5060B1C81B4EFE29008B41FD /* Project object */;
			proxyType = 1;
			remoteGlobalIDString = 5060B1CF1B4EFE2A008B41FD;
			remoteInfo = "FAU FabLab";
		};
/* End PBXContainerItemProxy section */

/* Begin PBXCopyFilesBuildPhase section */
		8429B79C1B739C6D004C7DA0 /* Embed Frameworks */ = {
			isa = PBXCopyFilesBuildPhase;
			buildActionMask = 2147483647;
			dstPath = "";
			dstSubfolderSpec = 10;
			files = (
				8429B79B1B739C6D004C7DA0 /* RSBarcodes.framework in Embed Frameworks */,
			);
			name = "Embed Frameworks";
			runOnlyForDeploymentPostprocessing = 0;
		};
/* End PBXCopyFilesBuildPhase section */

/* Begin PBXFileReference section */
		35CE11756F88B8009C549B94 /* DoorState.swift */ = {isa = PBXFileReference; fileEncoding = 4; lastKnownFileType = sourcecode.swift; path = DoorState.swift; sourceTree = "<group>"; };
		35CE11C7BEE60991B0702A2A /* Debug.swift */ = {isa = PBXFileReference; fileEncoding = 4; lastKnownFileType = sourcecode.swift; path = Debug.swift; sourceTree = "<group>"; };
		35CE1698E311B04F89744CDB /* DoorStateModel.swift */ = {isa = PBXFileReference; fileEncoding = 4; lastKnownFileType = sourcecode.swift; path = DoorStateModel.swift; sourceTree = "<group>"; };
		35CE19B06D1C4EFD5685953C /* InventoryItem.swift */ = {isa = PBXFileReference; fileEncoding = 4; lastKnownFileType = sourcecode.swift; path = InventoryItem.swift; sourceTree = "<group>"; };
		35CE1CE6C8A1BE4967D0633F /* Uom.swift */ = {isa = PBXFileReference; fileEncoding = 4; lastKnownFileType = sourcecode.swift; path = Uom.swift; sourceTree = "<group>"; };
		4804CA5B1B7E4FB200F75BF5 /* ActionSheetPickerDelegate.swift */ = {isa = PBXFileReference; fileEncoding = 4; lastKnownFileType = sourcecode.swift; path = ActionSheetPickerDelegate.swift; sourceTree = "<group>"; };
		4880CD311B7CC4470025C38A /* CoreActionSheetPicker.framework */ = {isa = PBXFileReference; lastKnownFileType = wrapper.framework; name = CoreActionSheetPicker.framework; path = Carthage/Build/iOS/CoreActionSheetPicker.framework; sourceTree = "<group>"; };
		489316441B831E3900DCB6BB /* AutocompleteModel.swift */ = {isa = PBXFileReference; fileEncoding = 4; lastKnownFileType = sourcecode.swift; path = AutocompleteModel.swift; sourceTree = "<group>"; };
		4893164C1B8367EF00DCB6BB /* CartEntryCustomCell.swift */ = {isa = PBXFileReference; fileEncoding = 4; lastKnownFileType = sourcecode.swift; path = CartEntryCustomCell.swift; sourceTree = "<group>"; };
		489E4C741B79E093004A60FA /* ProductCustomCell.swift */ = {isa = PBXFileReference; fileEncoding = 4; lastKnownFileType = sourcecode.swift; path = ProductCustomCell.swift; sourceTree = "<group>"; };
		48B7C0D91B846CDA00DC9B2D /* AutocompleteSuggestion.swift */ = {isa = PBXFileReference; fileEncoding = 4; lastKnownFileType = sourcecode.swift; path = AutocompleteSuggestion.swift; sourceTree = "<group>"; };
		48B7C0DD1B84833400DC9B2D /* CoreDataModel 2.xcdatamodel */ = {isa = PBXFileReference; lastKnownFileType = wrapper.xcdatamodel; path = "CoreDataModel 2.xcdatamodel"; sourceTree = "<group>"; };
		502DB1511B7150370036EF6B /* EventsDetailViewController.swift */ = {isa = PBXFileReference; fileEncoding = 4; lastKnownFileType = sourcecode.swift; path = EventsDetailViewController.swift; sourceTree = "<group>"; };
		5060B1D01B4EFE2A008B41FD /* FAU FabLab.app */ = {isa = PBXFileReference; explicitFileType = wrapper.application; includeInIndex = 0; path = "FAU FabLab.app"; sourceTree = BUILT_PRODUCTS_DIR; };
		5060B1D41B4EFE2A008B41FD /* Info.plist */ = {isa = PBXFileReference; lastKnownFileType = text.plist.xml; path = Info.plist; sourceTree = "<group>"; };
		5060B1D51B4EFE2A008B41FD /* AppDelegate.swift */ = {isa = PBXFileReference; lastKnownFileType = sourcecode.swift; path = AppDelegate.swift; sourceTree = "<group>"; };
		5060B1DC1B4EFE2A008B41FD /* Base */ = {isa = PBXFileReference; lastKnownFileType = file.storyboard; name = Base; path = Base.lproj/Main.storyboard; sourceTree = "<group>"; };
		5060B1E11B4EFE2A008B41FD /* Base */ = {isa = PBXFileReference; lastKnownFileType = file.xib; name = Base; path = Base.lproj/LaunchScreen.xib; sourceTree = "<group>"; };
		5060B1E71B4EFE2A008B41FD /* FAU FabLabTests.xctest */ = {isa = PBXFileReference; explicitFileType = wrapper.cfbundle; includeInIndex = 0; path = "FAU FabLabTests.xctest"; sourceTree = BUILT_PRODUCTS_DIR; };
		5060B1EC1B4EFE2A008B41FD /* Info.plist */ = {isa = PBXFileReference; lastKnownFileType = text.plist.xml; path = Info.plist; sourceTree = "<group>"; };
		5060B1ED1B4EFE2A008B41FD /* FAU_FabLabTests.swift */ = {isa = PBXFileReference; lastKnownFileType = sourcecode.swift; path = FAU_FabLabTests.swift; sourceTree = "<group>"; };
		507493671B5BFE6F0035BEB4 /* SwiftyJSON.framework */ = {isa = PBXFileReference; lastKnownFileType = wrapper.framework; name = SwiftyJSON.framework; path = Carthage/Build/iOS/SwiftyJSON.framework; sourceTree = "<group>"; };
		507BA38D1B5A7C0300E5DCF3 /* Cartfile */ = {isa = PBXFileReference; fileEncoding = 4; lastKnownFileType = text; path = Cartfile; sourceTree = "<group>"; };
		50DBE9031B6FA93000685B07 /* EventsCustomCell.swift */ = {isa = PBXFileReference; fileEncoding = 4; lastKnownFileType = sourcecode.swift; path = EventsCustomCell.swift; sourceTree = "<group>"; };
		8419B60F1B6F6050000275A8 /* CheckoutCodeScannerViewController.swift */ = {isa = PBXFileReference; fileEncoding = 4; lastKnownFileType = sourcecode.swift; path = CheckoutCodeScannerViewController.swift; sourceTree = "<group>"; };
		846100BD1B78696000393E63 /* ProductLocationViewController.swift */ = {isa = PBXFileReference; fileEncoding = 4; lastKnownFileType = sourcecode.swift; path = ProductLocationViewController.swift; sourceTree = "<group>"; };
		84DC93121B669E0100981977 /* RSBarcodes.framework */ = {isa = PBXFileReference; lastKnownFileType = wrapper.framework; name = RSBarcodes.framework; path = Carthage/Build/iOS/RSBarcodes.framework; sourceTree = "<group>"; };
		84F53FED1B73DD24008FB605 /* PayOrCancelViewController.swift */ = {isa = PBXFileReference; fileEncoding = 4; lastKnownFileType = sourcecode.swift; path = PayOrCancelViewController.swift; sourceTree = "<group>"; };
		84F53FF11B7419E7008FB605 /* checkout.png */ = {isa = PBXFileReference; lastKnownFileType = image.png; path = checkout.png; sourceTree = "<group>"; };
		92078EB61B6E270E00A21AD9 /* Product.swift */ = {isa = PBXFileReference; fileEncoding = 4; lastKnownFileType = sourcecode.swift; path = Product.swift; sourceTree = "<group>"; };
		92078EB81B6E293400A21AD9 /* Location.swift */ = {isa = PBXFileReference; fileEncoding = 4; lastKnownFileType = sourcecode.swift; path = Location.swift; sourceTree = "<group>"; };
		92078EBA1B6E29B200A21AD9 /* Category.swift */ = {isa = PBXFileReference; fileEncoding = 4; lastKnownFileType = sourcecode.swift; path = Category.swift; sourceTree = "<group>"; };
		92078EBC1B6E2D9D00A21AD9 /* ProductsearchModel.swift */ = {isa = PBXFileReference; fileEncoding = 4; lastKnownFileType = sourcecode.swift; path = ProductsearchModel.swift; sourceTree = "<group>"; };
		92078EBF1B6E471200A21AD9 /* ProductsearchViewController.swift */ = {isa = PBXFileReference; fileEncoding = 4; lastKnownFileType = sourcecode.swift; path = ProductsearchViewController.swift; sourceTree = "<group>"; };
		923E1F221B7A728C009CC545 /* DoorNavigationButtonController.swift */ = {isa = PBXFileReference; fileEncoding = 4; lastKnownFileType = sourcecode.swift; path = DoorNavigationButtonController.swift; sourceTree = "<group>"; };
		923E1F241B7A735F009CC545 /* MalfunctionInfoController.swift */ = {isa = PBXFileReference; fileEncoding = 4; lastKnownFileType = sourcecode.swift; path = MalfunctionInfoController.swift; sourceTree = "<group>"; };
		923E1F291B7AA25A009CC545 /* CartProduct.swift */ = {isa = PBXFileReference; fileEncoding = 4; lastKnownFileType = sourcecode.swift; path = CartProduct.swift; sourceTree = "<group>"; };
		923E1F2B1B7AA360009CC545 /* CartEntry.swift */ = {isa = PBXFileReference; fileEncoding = 4; lastKnownFileType = sourcecode.swift; path = CartEntry.swift; sourceTree = "<group>"; };
		923E1F2E1B7AA3F7009CC545 /* CoreDataModel.xcdatamodel */ = {isa = PBXFileReference; lastKnownFileType = wrapper.xcdatamodel; path = CoreDataModel.xcdatamodel; sourceTree = "<group>"; };
		923E1F301B7AA49A009CC545 /* CoreDataHelper.swift */ = {isa = PBXFileReference; fileEncoding = 4; lastKnownFileType = sourcecode.swift; path = CoreDataHelper.swift; sourceTree = "<group>"; };
		924352451B654CF200CBFA0C /* Kingfisher.framework */ = {isa = PBXFileReference; lastKnownFileType = wrapper.framework; name = Kingfisher.framework; path = Carthage/Build/iOS/Kingfisher.framework; sourceTree = "<group>"; };
		92500ECF1B72CD7C0093CC45 /* Cart.swift */ = {isa = PBXFileReference; fileEncoding = 4; lastKnownFileType = sourcecode.swift; path = Cart.swift; sourceTree = "<group>"; };
		92500ED11B72CD7C0093CC45 /* CartModel.swift */ = {isa = PBXFileReference; fileEncoding = 4; lastKnownFileType = sourcecode.swift; path = CartModel.swift; sourceTree = "<group>"; };
		925AC32E1B6C245700057C7F /* Alamofire.framework */ = {isa = PBXFileReference; lastKnownFileType = wrapper.framework; name = Alamofire.framework; path = Carthage/Build/iOS/Alamofire.framework; sourceTree = "<group>"; };
		927901C11B6D3AF300F95B09 /* news_nopicture.png */ = {isa = PBXFileReference; lastKnownFileType = image.png; path = news_nopicture.png; sourceTree = "<group>"; };
		927901C31B6D3B2B00F95B09 /* Images.xcassets */ = {isa = PBXFileReference; lastKnownFileType = folder.assetcatalog; path = Images.xcassets; sourceTree = "<group>"; };
		927901C91B6D3B9300F95B09 /* RestManager.swift */ = {isa = PBXFileReference; fileEncoding = 4; lastKnownFileType = sourcecode.swift; path = RestManager.swift; sourceTree = "<group>"; };
		927901D61B6D3EED00F95B09 /* NewsCustomCell.swift */ = {isa = PBXFileReference; fileEncoding = 4; lastKnownFileType = sourcecode.swift; path = NewsCustomCell.swift; sourceTree = "<group>"; };
		927901DB1B6D3F5700F95B09 /* ProductsearchCodeScannerViewController.swift */ = {isa = PBXFileReference; fileEncoding = 4; lastKnownFileType = sourcecode.swift; path = ProductsearchCodeScannerViewController.swift; sourceTree = "<group>"; };
		927901DD1B6D3F5C00F95B09 /* EventsViewController.swift */ = {isa = PBXFileReference; fileEncoding = 4; lastKnownFileType = sourcecode.swift; path = EventsViewController.swift; sourceTree = "<group>"; };
		927901DF1B6D3F6300F95B09 /* NewsDetailsViewController.swift */ = {isa = PBXFileReference; fileEncoding = 4; lastKnownFileType = sourcecode.swift; path = NewsDetailsViewController.swift; sourceTree = "<group>"; };
		927901E01B6D3F6300F95B09 /* NewsViewController.swift */ = {isa = PBXFileReference; fileEncoding = 4; lastKnownFileType = sourcecode.swift; path = NewsViewController.swift; sourceTree = "<group>"; };
		927901E41B6D4AE300F95B09 /* NewsModel.swift */ = {isa = PBXFileReference; fileEncoding = 4; lastKnownFileType = sourcecode.swift; path = NewsModel.swift; sourceTree = "<group>"; };
		928054F31B6D893300D0D4FB /* ObjectMapper.framework */ = {isa = PBXFileReference; lastKnownFileType = wrapper.framework; name = ObjectMapper.framework; path = Carthage/Build/iOS/ObjectMapper.framework; sourceTree = "<group>"; };
		928054F51B6D8A0C00D0D4FB /* News.swift */ = {isa = PBXFileReference; fileEncoding = 4; lastKnownFileType = sourcecode.swift; path = News.swift; sourceTree = "<group>"; };
		928054F81B6DA0D900D0D4FB /* Event.swift */ = {isa = PBXFileReference; fileEncoding = 4; lastKnownFileType = sourcecode.swift; path = Event.swift; sourceTree = "<group>"; };
		928054FA1B6DA22000D0D4FB /* EventModel.swift */ = {isa = PBXFileReference; fileEncoding = 4; lastKnownFileType = sourcecode.swift; path = EventModel.swift; sourceTree = "<group>"; };
		92C2F3141B7399AC0086481B /* CartViewController.swift */ = {isa = PBXFileReference; fileEncoding = 4; lastKnownFileType = sourcecode.swift; path = CartViewController.swift; sourceTree = "<group>"; };
		92E1AF8B1B89E791007B242B /* FabTool.swift */ = {isa = PBXFileReference; fileEncoding = 4; lastKnownFileType = sourcecode.swift; path = FabTool.swift; sourceTree = "<group>"; };
		92F04A2E1B87D5A300C2ED81 /* ec2-52-28-16-59.eu-central-1.compute.amazonaws.com.cer */ = {isa = PBXFileReference; lastKnownFileType = file; path = "ec2-52-28-16-59.eu-central-1.compute.amazonaws.com.cer"; sourceTree = "<group>"; };
/* End PBXFileReference section */

/* Begin PBXFrameworksBuildPhase section */
		5060B1CD1B4EFE2A008B41FD /* Frameworks */ = {
			isa = PBXFrameworksBuildPhase;
			buildActionMask = 2147483647;
			files = (
				4880CD321B7CC4470025C38A /* CoreActionSheetPicker.framework in Frameworks */,
				924352461B654CF200CBFA0C /* Kingfisher.framework in Frameworks */,
				928054F41B6D893300D0D4FB /* ObjectMapper.framework in Frameworks */,
				507493681B5BFE6F0035BEB4 /* SwiftyJSON.framework in Frameworks */,
				925AC32F1B6C245700057C7F /* Alamofire.framework in Frameworks */,
				8429B79A1B739C6D004C7DA0 /* RSBarcodes.framework in Frameworks */,
			);
			runOnlyForDeploymentPostprocessing = 0;
		};
		5060B1E41B4EFE2A008B41FD /* Frameworks */ = {
			isa = PBXFrameworksBuildPhase;
			buildActionMask = 2147483647;
			files = (
			);
			runOnlyForDeploymentPostprocessing = 0;
		};
/* End PBXFrameworksBuildPhase section */

/* Begin PBXGroup section */
		35CE1516AA0A8AB2D912D8F4 /* MalfunctionInfo */ = {
			isa = PBXGroup;
			children = (
				92E1AF8B1B89E791007B242B /* FabTool.swift */,
			);
			path = MalfunctionInfo;
			sourceTree = "<group>";
		};
		35CE198640C4FC7530DB60A1 /* DoorState */ = {
			isa = PBXGroup;
			children = (
				35CE11756F88B8009C549B94 /* DoorState.swift */,
				35CE1698E311B04F89744CDB /* DoorStateModel.swift */,
			);
			path = DoorState;
			sourceTree = "<group>";
		};
		48B7C0D81B8460FF00DC9B2D /* Managed */ = {
			isa = PBXGroup;
			children = (
				48B7C0D91B846CDA00DC9B2D /* AutocompleteSuggestion.swift */,
			);
			path = Managed;
			sourceTree = "<group>";
		};
		500A2CA11B63DCF4005CC8CF /* Controllers */ = {
			isa = PBXGroup;
			children = (
				50E309EE1B763015004C4928 /* MalfunctionInfo */,
				8419B6111B6F7071000275A8 /* Cart */,
				92078EBE1B6E46EC00A21AD9 /* Productsearch */,
				927901DA1B6D3F3D00F95B09 /* BarcodeScanner */,
				927901D91B6D3F3800F95B09 /* Events */,
				927901D81B6D3EFC00F95B09 /* News */,
				50AD1B231B73F5440014E065 /* DoorState */,
			);
			path = Controllers;
			sourceTree = "<group>";
		};
		500A2CA21B63FB6E005CC8CF /* Models */ = {
			isa = PBXGroup;
			children = (
				921095321B88D78500396181 /* Inventory */,
				842314691B70BC1D0074B670 /* Cart */,
				92078EB51B6E26F100A21AD9 /* Productsearch */,
				928054F71B6DA0BA00D0D4FB /* Events */,
				927901E31B6D4ABB00F95B09 /* News */,
				35CE1516AA0A8AB2D912D8F4 /* MalfunctionInfo */,
				35CE198640C4FC7530DB60A1 /* DoorState */,
			);
			path = Models;
			sourceTree = "<group>";
		};
		5060B1C71B4EFE29008B41FD = {
			isa = PBXGroup;
			children = (
				923E1F2D1B7AA3F7009CC545 /* CoreDataModel.xcdatamodeld */,
				927901B91B6D39FF00F95B09 /* Libraries */,
				507BA38D1B5A7C0300E5DCF3 /* Cartfile */,
				5060B1D21B4EFE2A008B41FD /* FAU FabLab */,
				5060B1EA1B4EFE2A008B41FD /* FAU FabLabTests */,
				5060B1D11B4EFE2A008B41FD /* Products */,
			);
			sourceTree = "<group>";
		};
		5060B1D11B4EFE2A008B41FD /* Products */ = {
			isa = PBXGroup;
			children = (
				5060B1D01B4EFE2A008B41FD /* FAU FabLab.app */,
				5060B1E71B4EFE2A008B41FD /* FAU FabLabTests.xctest */,
			);
			name = Products;
			sourceTree = "<group>";
		};
		5060B1D21B4EFE2A008B41FD /* FAU FabLab */ = {
			isa = PBXGroup;
			children = (
				927901C81B6D3B8400F95B09 /* Helpers */,
				927901C51B6D3B4A00F95B09 /* Views */,
				927901BA1B6D3A1600F95B09 /* Assets */,
				500A2CA21B63FB6E005CC8CF /* Models */,
				5060B1D51B4EFE2A008B41FD /* AppDelegate.swift */,
				500A2CA11B63DCF4005CC8CF /* Controllers */,
				5060B1D31B4EFE2A008B41FD /* Supporting Files */,
			);
			path = "FAU FabLab";
			sourceTree = "<group>";
		};
		5060B1D31B4EFE2A008B41FD /* Supporting Files */ = {
			isa = PBXGroup;
			children = (
				5060B1D41B4EFE2A008B41FD /* Info.plist */,
			);
			name = "Supporting Files";
			sourceTree = "<group>";
		};
		5060B1EA1B4EFE2A008B41FD /* FAU FabLabTests */ = {
			isa = PBXGroup;
			children = (
				5060B1ED1B4EFE2A008B41FD /* FAU_FabLabTests.swift */,
				5060B1EB1B4EFE2A008B41FD /* Supporting Files */,
			);
			path = "FAU FabLabTests";
			sourceTree = "<group>";
		};
		5060B1EB1B4EFE2A008B41FD /* Supporting Files */ = {
			isa = PBXGroup;
			children = (
				5060B1EC1B4EFE2A008B41FD /* Info.plist */,
			);
			name = "Supporting Files";
			sourceTree = "<group>";
		};
		50AD1B231B73F5440014E065 /* DoorState */ = {
			isa = PBXGroup;
			children = (
				923E1F221B7A728C009CC545 /* DoorNavigationButtonController.swift */,
			);
			path = DoorState;
			sourceTree = "<group>";
		};
		50E309EE1B763015004C4928 /* MalfunctionInfo */ = {
			isa = PBXGroup;
			children = (
				923E1F241B7A735F009CC545 /* MalfunctionInfoController.swift */,
			);
			path = MalfunctionInfo;
			sourceTree = "<group>";
		};
		8419B6111B6F7071000275A8 /* Cart */ = {
			isa = PBXGroup;
			children = (
				92C2F3141B7399AC0086481B /* CartViewController.swift */,
				84F53FED1B73DD24008FB605 /* PayOrCancelViewController.swift */,
				4804CA5B1B7E4FB200F75BF5 /* ActionSheetPickerDelegate.swift */,
			);
			path = Cart;
			sourceTree = "<group>";
		};
		842314691B70BC1D0074B670 /* Cart */ = {
			isa = PBXGroup;
			children = (
				923E1F281B7AA1EC009CC545 /* Managed */,
				92500ECF1B72CD7C0093CC45 /* Cart.swift */,
				92500ED11B72CD7C0093CC45 /* CartModel.swift */,
			);
			path = Cart;
			sourceTree = "<group>";
		};
		92078EB51B6E26F100A21AD9 /* Productsearch */ = {
			isa = PBXGroup;
			children = (
				48B7C0D81B8460FF00DC9B2D /* Managed */,
				92078EB61B6E270E00A21AD9 /* Product.swift */,
				92078EB81B6E293400A21AD9 /* Location.swift */,
				92078EBA1B6E29B200A21AD9 /* Category.swift */,
				92078EBC1B6E2D9D00A21AD9 /* ProductsearchModel.swift */,
				35CE1CE6C8A1BE4967D0633F /* Uom.swift */,
				489316441B831E3900DCB6BB /* AutocompleteModel.swift */,
			);
			path = Productsearch;
			sourceTree = "<group>";
		};
		92078EBE1B6E46EC00A21AD9 /* Productsearch */ = {
			isa = PBXGroup;
			children = (
				92078EBF1B6E471200A21AD9 /* ProductsearchViewController.swift */,
				846100BD1B78696000393E63 /* ProductLocationViewController.swift */,
			);
			path = Productsearch;
			sourceTree = "<group>";
		};
		921095321B88D78500396181 /* Inventory */ = {
			isa = PBXGroup;
			children = (
				35CE19B06D1C4EFD5685953C /* InventoryItem.swift */,
			);
			path = Inventory;
			sourceTree = "<group>";
		};
		923E1F281B7AA1EC009CC545 /* Managed */ = {
			isa = PBXGroup;
			children = (
				923E1F2B1B7AA360009CC545 /* CartEntry.swift */,
				923E1F291B7AA25A009CC545 /* CartProduct.swift */,
			);
			path = Managed;
			sourceTree = "<group>";
		};
		927901B91B6D39FF00F95B09 /* Libraries */ = {
			isa = PBXGroup;
			children = (
				4880CD311B7CC4470025C38A /* CoreActionSheetPicker.framework */,
				928054F31B6D893300D0D4FB /* ObjectMapper.framework */,
				925AC32E1B6C245700057C7F /* Alamofire.framework */,
				84DC93121B669E0100981977 /* RSBarcodes.framework */,
				924352451B654CF200CBFA0C /* Kingfisher.framework */,
				507493671B5BFE6F0035BEB4 /* SwiftyJSON.framework */,
			);
			name = Libraries;
			sourceTree = "<group>";
		};
		927901BA1B6D3A1600F95B09 /* Assets */ = {
			isa = PBXGroup;
			children = (
				927901C31B6D3B2B00F95B09 /* Images.xcassets */,
				927901C01B6D3AE400F95B09 /* images */,
				927901BB1B6D3A6800F95B09 /* certs */,
			);
			path = Assets;
			sourceTree = "<group>";
		};
		927901BB1B6D3A6800F95B09 /* certs */ = {
			isa = PBXGroup;
			children = (
				92F04A2E1B87D5A300C2ED81 /* ec2-52-28-16-59.eu-central-1.compute.amazonaws.com.cer */,
			);
			path = certs;
			sourceTree = "<group>";
		};
		927901C01B6D3AE400F95B09 /* images */ = {
			isa = PBXGroup;
			children = (
				84F53FF11B7419E7008FB605 /* checkout.png */,
				927901C11B6D3AF300F95B09 /* news_nopicture.png */,
			);
			path = images;
			sourceTree = "<group>";
		};
		927901C51B6D3B4A00F95B09 /* Views */ = {
			isa = PBXGroup;
			children = (
				927901D51B6D3EC300F95B09 /* CustomViews */,
				5060B1DB1B4EFE2A008B41FD /* Main.storyboard */,
				5060B1E01B4EFE2A008B41FD /* LaunchScreen.xib */,
			);
			path = Views;
			sourceTree = "<group>";
		};
		927901C81B6D3B8400F95B09 /* Helpers */ = {
			isa = PBXGroup;
			children = (
				927901C91B6D3B9300F95B09 /* RestManager.swift */,
				35CE11C7BEE60991B0702A2A /* Debug.swift */,
				923E1F301B7AA49A009CC545 /* CoreDataHelper.swift */,
			);
			path = Helpers;
			sourceTree = "<group>";
		};
		927901D51B6D3EC300F95B09 /* CustomViews */ = {
			isa = PBXGroup;
			children = (
				927901D61B6D3EED00F95B09 /* NewsCustomCell.swift */,
				50DBE9031B6FA93000685B07 /* EventsCustomCell.swift */,
				489E4C741B79E093004A60FA /* ProductCustomCell.swift */,
				4893164C1B8367EF00DCB6BB /* CartEntryCustomCell.swift */,
			);
			path = CustomViews;
			sourceTree = "<group>";
		};
		927901D81B6D3EFC00F95B09 /* News */ = {
			isa = PBXGroup;
			children = (
				927901DF1B6D3F6300F95B09 /* NewsDetailsViewController.swift */,
				927901E01B6D3F6300F95B09 /* NewsViewController.swift */,
			);
			path = News;
			sourceTree = "<group>";
		};
		927901D91B6D3F3800F95B09 /* Events */ = {
			isa = PBXGroup;
			children = (
				927901DD1B6D3F5C00F95B09 /* EventsViewController.swift */,
				502DB1511B7150370036EF6B /* EventsDetailViewController.swift */,
			);
			path = Events;
			sourceTree = "<group>";
		};
		927901DA1B6D3F3D00F95B09 /* BarcodeScanner */ = {
			isa = PBXGroup;
			children = (
				927901DB1B6D3F5700F95B09 /* ProductsearchCodeScannerViewController.swift */,
				8419B60F1B6F6050000275A8 /* CheckoutCodeScannerViewController.swift */,
			);
			path = BarcodeScanner;
			sourceTree = "<group>";
		};
		927901E31B6D4ABB00F95B09 /* News */ = {
			isa = PBXGroup;
			children = (
				927901E41B6D4AE300F95B09 /* NewsModel.swift */,
				928054F51B6D8A0C00D0D4FB /* News.swift */,
			);
			path = News;
			sourceTree = "<group>";
		};
		928054F71B6DA0BA00D0D4FB /* Events */ = {
			isa = PBXGroup;
			children = (
				928054F81B6DA0D900D0D4FB /* Event.swift */,
				928054FA1B6DA22000D0D4FB /* EventModel.swift */,
			);
			path = Events;
			sourceTree = "<group>";
		};
/* End PBXGroup section */

/* Begin PBXNativeTarget section */
		5060B1CF1B4EFE2A008B41FD /* FAU FabLab */ = {
			isa = PBXNativeTarget;
			buildConfigurationList = 5060B1F11B4EFE2A008B41FD /* Build configuration list for PBXNativeTarget "FAU FabLab" */;
			buildPhases = (
				5060B1CC1B4EFE2A008B41FD /* Sources */,
				5060B1CD1B4EFE2A008B41FD /* Frameworks */,
				5060B1CE1B4EFE2A008B41FD /* Resources */,
				507493691B5BFE860035BEB4 /* ShellScript */,
				8429B79C1B739C6D004C7DA0 /* Embed Frameworks */,
			);
			buildRules = (
			);
			dependencies = (
			);
			name = "FAU FabLab";
			productName = "FAU FabLab";
			productReference = 5060B1D01B4EFE2A008B41FD /* FAU FabLab.app */;
			productType = "com.apple.product-type.application";
		};
		5060B1E61B4EFE2A008B41FD /* FAU FabLabTests */ = {
			isa = PBXNativeTarget;
			buildConfigurationList = 5060B1F41B4EFE2A008B41FD /* Build configuration list for PBXNativeTarget "FAU FabLabTests" */;
			buildPhases = (
				5060B1E31B4EFE2A008B41FD /* Sources */,
				5060B1E41B4EFE2A008B41FD /* Frameworks */,
				5060B1E51B4EFE2A008B41FD /* Resources */,
			);
			buildRules = (
			);
			dependencies = (
				5060B1E91B4EFE2A008B41FD /* PBXTargetDependency */,
			);
			name = "FAU FabLabTests";
			productName = "FAU FabLabTests";
			productReference = 5060B1E71B4EFE2A008B41FD /* FAU FabLabTests.xctest */;
			productType = "com.apple.product-type.bundle.unit-test";
		};
/* End PBXNativeTarget section */

/* Begin PBXProject section */
		5060B1C81B4EFE29008B41FD /* Project object */ = {
			isa = PBXProject;
			attributes = {
				LastUpgradeCheck = 0640;
				ORGANIZATIONNAME = "FAU MAD FabLab";
				TargetAttributes = {
					5060B1CF1B4EFE2A008B41FD = {
						CreatedOnToolsVersion = 6.4;
						DevelopmentTeam = 3928PFTW6V;
					};
					5060B1E61B4EFE2A008B41FD = {
						CreatedOnToolsVersion = 6.4;
						TestTargetID = 5060B1CF1B4EFE2A008B41FD;
					};
				};
			};
			buildConfigurationList = 5060B1CB1B4EFE29008B41FD /* Build configuration list for PBXProject "FAU FabLab" */;
			compatibilityVersion = "Xcode 3.2";
			developmentRegion = English;
			hasScannedForEncodings = 0;
			knownRegions = (
				en,
				Base,
			);
			mainGroup = 5060B1C71B4EFE29008B41FD;
			productRefGroup = 5060B1D11B4EFE2A008B41FD /* Products */;
			projectDirPath = "";
			projectRoot = "";
			targets = (
				5060B1CF1B4EFE2A008B41FD /* FAU FabLab */,
				5060B1E61B4EFE2A008B41FD /* FAU FabLabTests */,
			);
		};
/* End PBXProject section */

/* Begin PBXResourcesBuildPhase section */
		5060B1CE1B4EFE2A008B41FD /* Resources */ = {
			isa = PBXResourcesBuildPhase;
			buildActionMask = 2147483647;
			files = (
				92F04A331B87D92F00C2ED81 /* Main.storyboard in Resources */,
				92F04A321B87D92100C2ED81 /* LaunchScreen.xib in Resources */,
				92F04A2F1B87D87C00C2ED81 /* ec2-52-28-16-59.eu-central-1.compute.amazonaws.com.cer in Resources */,
				927901C21B6D3AF300F95B09 /* news_nopicture.png in Resources */,
				84F53FF21B7419E7008FB605 /* checkout.png in Resources */,
				927901C41B6D3B2B00F95B09 /* Images.xcassets in Resources */,
			);
			runOnlyForDeploymentPostprocessing = 0;
		};
		5060B1E51B4EFE2A008B41FD /* Resources */ = {
			isa = PBXResourcesBuildPhase;
			buildActionMask = 2147483647;
			files = (
			);
			runOnlyForDeploymentPostprocessing = 0;
		};
/* End PBXResourcesBuildPhase section */

/* Begin PBXShellScriptBuildPhase section */
		507493691B5BFE860035BEB4 /* ShellScript */ = {
			isa = PBXShellScriptBuildPhase;
			buildActionMask = 2147483647;
			files = (
			);
			inputPaths = (
				"$(SRCROOT)/Carthage/Build/iOS/SwiftyJSON.framework",
				"$(SRCROOT)/Carthage/Build/iOS/Kingfisher.framework",
				"$(SRCROOT)/Carthage/Build/iOS/Alamofire.framework",
				"$(SRCROOT)/Carthage/Build/iOS/ObjectMapper.framework",
				"$(SRCROOT)/Carthage/Build/iOS/CoreActionSheetPicker.framework",
			);
			outputPaths = (
			);
			runOnlyForDeploymentPostprocessing = 0;
			shellPath = "/usr/local/bin/carthage copy-frameworks";
			shellScript = "";
		};
/* End PBXShellScriptBuildPhase section */

/* Begin PBXSourcesBuildPhase section */
		5060B1CC1B4EFE2A008B41FD /* Sources */ = {
			isa = PBXSourcesBuildPhase;
			buildActionMask = 2147483647;
			files = (
				48B7C0DA1B846CDA00DC9B2D /* AutocompleteSuggestion.swift in Sources */,
				927901E51B6D4AE300F95B09 /* NewsModel.swift in Sources */,
				8419B6101B6F6050000275A8 /* CheckoutCodeScannerViewController.swift in Sources */,
				927901E11B6D3F6300F95B09 /* NewsDetailsViewController.swift in Sources */,
				5060B1D61B4EFE2A008B41FD /* AppDelegate.swift in Sources */,
				928054F61B6D8A0C00D0D4FB /* News.swift in Sources */,
				928054F91B6DA0D900D0D4FB /* Event.swift in Sources */,
				923E1F311B7AA49A009CC545 /* CoreDataHelper.swift in Sources */,
				923E1F2C1B7AA360009CC545 /* CartEntry.swift in Sources */,
				4804CA5C1B7E4FB200F75BF5 /* ActionSheetPickerDelegate.swift in Sources */,
				92078EB71B6E270E00A21AD9 /* Product.swift in Sources */,
				92078EC01B6E471200A21AD9 /* ProductsearchViewController.swift in Sources */,
				92078EBD1B6E2D9D00A21AD9 /* ProductsearchModel.swift in Sources */,
				92078EB91B6E293400A21AD9 /* Location.swift in Sources */,
				923E1F251B7A735F009CC545 /* MalfunctionInfoController.swift in Sources */,
				92E1AF8C1B89E791007B242B /* FabTool.swift in Sources */,
				92500ED21B72CD7C0093CC45 /* Cart.swift in Sources */,
				927901CA1B6D3B9300F95B09 /* RestManager.swift in Sources */,
				923E1F2A1B7AA25A009CC545 /* CartProduct.swift in Sources */,
				846100BE1B78696000393E63 /* ProductLocationViewController.swift in Sources */,
				502DB1521B7150370036EF6B /* EventsDetailViewController.swift in Sources */,
				92C2F3151B7399AC0086481B /* CartViewController.swift in Sources */,
				923E1F2F1B7AA3F7009CC545 /* CoreDataModel.xcdatamodeld in Sources */,
				927901D71B6D3EED00F95B09 /* NewsCustomCell.swift in Sources */,
				928054FB1B6DA22000D0D4FB /* EventModel.swift in Sources */,
				50DBE9041B6FA93000685B07 /* EventsCustomCell.swift in Sources */,
				923E1F231B7A728C009CC545 /* DoorNavigationButtonController.swift in Sources */,
				927901DC1B6D3F5700F95B09 /* ProductsearchCodeScannerViewController.swift in Sources */,
				92500ED41B72CD7C0093CC45 /* CartModel.swift in Sources */,
				927901DE1B6D3F5C00F95B09 /* EventsViewController.swift in Sources */,
				927901E21B6D3F6300F95B09 /* NewsViewController.swift in Sources */,
				4893164D1B8367EF00DCB6BB /* CartEntryCustomCell.swift in Sources */,
				92078EBB1B6E29B200A21AD9 /* Category.swift in Sources */,
				35CE1B736F661DCF4D7020F6 /* Uom.swift in Sources */,
				84F53FEE1B73DD24008FB605 /* PayOrCancelViewController.swift in Sources */,
				489316451B831E3900DCB6BB /* AutocompleteModel.swift in Sources */,
				489E4C751B79E093004A60FA /* ProductCustomCell.swift in Sources */,
				35CE1DB996BC6DE917A5E446 /* DoorState.swift in Sources */,
				35CE1E13F0E8E25DBCE8E9C9 /* DoorStateModel.swift in Sources */,
				35CE1DD759134EC89DBD0D29 /* Debug.swift in Sources */,
				35CE16075934035C53558DAB /* InventoryItem.swift in Sources */,
			);
			runOnlyForDeploymentPostprocessing = 0;
		};
		5060B1E31B4EFE2A008B41FD /* Sources */ = {
			isa = PBXSourcesBuildPhase;
			buildActionMask = 2147483647;
			files = (
				5060B1EE1B4EFE2A008B41FD /* FAU_FabLabTests.swift in Sources */,
			);
			runOnlyForDeploymentPostprocessing = 0;
		};
/* End PBXSourcesBuildPhase section */

/* Begin PBXTargetDependency section */
		5060B1E91B4EFE2A008B41FD /* PBXTargetDependency */ = {
			isa = PBXTargetDependency;
			target = 5060B1CF1B4EFE2A008B41FD /* FAU FabLab */;
			targetProxy = 5060B1E81B4EFE2A008B41FD /* PBXContainerItemProxy */;
		};
/* End PBXTargetDependency section */

/* Begin PBXVariantGroup section */
		5060B1DB1B4EFE2A008B41FD /* Main.storyboard */ = {
			isa = PBXVariantGroup;
			children = (
				5060B1DC1B4EFE2A008B41FD /* Base */,
			);
			name = Main.storyboard;
			path = ..;
			sourceTree = "<group>";
		};
		5060B1E01B4EFE2A008B41FD /* LaunchScreen.xib */ = {
			isa = PBXVariantGroup;
			children = (
				5060B1E11B4EFE2A008B41FD /* Base */,
			);
			name = LaunchScreen.xib;
			path = ..;
			sourceTree = "<group>";
		};
/* End PBXVariantGroup section */

/* Begin XCBuildConfiguration section */
		5060B1EF1B4EFE2A008B41FD /* Debug */ = {
			isa = XCBuildConfiguration;
			buildSettings = {
				ALWAYS_SEARCH_USER_PATHS = NO;
				CLANG_CXX_LANGUAGE_STANDARD = "gnu++0x";
				CLANG_CXX_LIBRARY = "libc++";
				CLANG_ENABLE_MODULES = YES;
				CLANG_ENABLE_OBJC_ARC = YES;
				CLANG_WARN_BOOL_CONVERSION = YES;
				CLANG_WARN_CONSTANT_CONVERSION = YES;
				CLANG_WARN_DIRECT_OBJC_ISA_USAGE = YES_ERROR;
				CLANG_WARN_EMPTY_BODY = YES;
				CLANG_WARN_ENUM_CONVERSION = YES;
				CLANG_WARN_INT_CONVERSION = YES;
				CLANG_WARN_OBJC_ROOT_CLASS = YES_ERROR;
				CLANG_WARN_UNREACHABLE_CODE = YES;
				CLANG_WARN__DUPLICATE_METHOD_MATCH = YES;
				CODE_SIGN_IDENTITY = "iPhone Developer";
				"CODE_SIGN_IDENTITY[sdk=iphoneos*]" = "iPhone Developer";
				COPY_PHASE_STRIP = NO;
				DEBUG_INFORMATION_FORMAT = "dwarf-with-dsym";
				ENABLE_STRICT_OBJC_MSGSEND = YES;
				GCC_C_LANGUAGE_STANDARD = gnu99;
				GCC_DYNAMIC_NO_PIC = NO;
				GCC_NO_COMMON_BLOCKS = YES;
				GCC_OPTIMIZATION_LEVEL = 0;
				GCC_PREPROCESSOR_DEFINITIONS = (
					"DEBUG=1",
					"$(inherited)",
				);
				GCC_SYMBOLS_PRIVATE_EXTERN = NO;
				GCC_WARN_64_TO_32_BIT_CONVERSION = YES;
				GCC_WARN_ABOUT_RETURN_TYPE = YES_ERROR;
				GCC_WARN_UNDECLARED_SELECTOR = YES;
				GCC_WARN_UNINITIALIZED_AUTOS = YES_AGGRESSIVE;
				GCC_WARN_UNUSED_FUNCTION = YES;
				GCC_WARN_UNUSED_VARIABLE = YES;
				IPHONEOS_DEPLOYMENT_TARGET = 8.0;
				MTL_ENABLE_DEBUG_INFO = YES;
				ONLY_ACTIVE_ARCH = YES;
				SDKROOT = iphoneos;
				SWIFT_OPTIMIZATION_LEVEL = "-Onone";
				TARGETED_DEVICE_FAMILY = "1,2";
			};
			name = Debug;
		};
		5060B1F01B4EFE2A008B41FD /* Release */ = {
			isa = XCBuildConfiguration;
			buildSettings = {
				ALWAYS_SEARCH_USER_PATHS = NO;
				CLANG_CXX_LANGUAGE_STANDARD = "gnu++0x";
				CLANG_CXX_LIBRARY = "libc++";
				CLANG_ENABLE_MODULES = YES;
				CLANG_ENABLE_OBJC_ARC = YES;
				CLANG_WARN_BOOL_CONVERSION = YES;
				CLANG_WARN_CONSTANT_CONVERSION = YES;
				CLANG_WARN_DIRECT_OBJC_ISA_USAGE = YES_ERROR;
				CLANG_WARN_EMPTY_BODY = YES;
				CLANG_WARN_ENUM_CONVERSION = YES;
				CLANG_WARN_INT_CONVERSION = YES;
				CLANG_WARN_OBJC_ROOT_CLASS = YES_ERROR;
				CLANG_WARN_UNREACHABLE_CODE = YES;
				CLANG_WARN__DUPLICATE_METHOD_MATCH = YES;
				CODE_SIGN_IDENTITY = "iPhone Developer";
				"CODE_SIGN_IDENTITY[sdk=iphoneos*]" = "iPhone Developer";
				COPY_PHASE_STRIP = NO;
				DEBUG_INFORMATION_FORMAT = "dwarf-with-dsym";
				ENABLE_NS_ASSERTIONS = NO;
				ENABLE_STRICT_OBJC_MSGSEND = YES;
				GCC_C_LANGUAGE_STANDARD = gnu99;
				GCC_NO_COMMON_BLOCKS = YES;
				GCC_WARN_64_TO_32_BIT_CONVERSION = YES;
				GCC_WARN_ABOUT_RETURN_TYPE = YES_ERROR;
				GCC_WARN_UNDECLARED_SELECTOR = YES;
				GCC_WARN_UNINITIALIZED_AUTOS = YES_AGGRESSIVE;
				GCC_WARN_UNUSED_FUNCTION = YES;
				GCC_WARN_UNUSED_VARIABLE = YES;
				IPHONEOS_DEPLOYMENT_TARGET = 8.0;
				MTL_ENABLE_DEBUG_INFO = NO;
				SDKROOT = iphoneos;
				TARGETED_DEVICE_FAMILY = "1,2";
				VALIDATE_PRODUCT = YES;
			};
			name = Release;
		};
		5060B1F21B4EFE2A008B41FD /* Debug */ = {
			isa = XCBuildConfiguration;
			buildSettings = {
				ASSETCATALOG_COMPILER_APPICON_NAME = AppIcon;
				CLANG_ENABLE_MODULES = YES;
				CODE_SIGN_IDENTITY = "iPhone Developer";
				FRAMEWORK_SEARCH_PATHS = (
					"$(inherited)",
					"$(PROJECT_DIR)/Carthage/Build/iOS",
				);
				INFOPLIST_FILE = "FAU FabLab/Info.plist";
				IPHONEOS_DEPLOYMENT_TARGET = 8.1;
				LD_RUNPATH_SEARCH_PATHS = "$(inherited) @executable_path/Frameworks";
				OTHER_SWIFT_FLAGS = "-D DEBUG";
				PRODUCT_NAME = "$(TARGET_NAME)";
				SDKROOT = iphoneos;
				SWIFT_OPTIMIZATION_LEVEL = "-Onone";
			};
			name = Debug;
		};
		5060B1F31B4EFE2A008B41FD /* Release */ = {
			isa = XCBuildConfiguration;
			buildSettings = {
				ASSETCATALOG_COMPILER_APPICON_NAME = AppIcon;
				CLANG_ENABLE_MODULES = YES;
				CODE_SIGN_IDENTITY = "iPhone Developer";
				FRAMEWORK_SEARCH_PATHS = (
					"$(inherited)",
					"$(PROJECT_DIR)/Carthage/Build/iOS",
				);
				INFOPLIST_FILE = "FAU FabLab/Info.plist";
				IPHONEOS_DEPLOYMENT_TARGET = 8.1;
				LD_RUNPATH_SEARCH_PATHS = "$(inherited) @executable_path/Frameworks";
				PRODUCT_NAME = "$(TARGET_NAME)";
				SDKROOT = iphoneos;
			};
			name = Release;
		};
		5060B1F51B4EFE2A008B41FD /* Debug */ = {
			isa = XCBuildConfiguration;
			buildSettings = {
				BUNDLE_LOADER = "$(TEST_HOST)";
				FRAMEWORK_SEARCH_PATHS = (
					"$(SDKROOT)/Developer/Library/Frameworks",
					"$(inherited)",
				);
				GCC_PREPROCESSOR_DEFINITIONS = (
					"DEBUG=1",
					"$(inherited)",
				);
				INFOPLIST_FILE = "FAU FabLabTests/Info.plist";
				LD_RUNPATH_SEARCH_PATHS = "$(inherited) @executable_path/Frameworks @loader_path/Frameworks";
				PRODUCT_NAME = "$(TARGET_NAME)";
				TEST_HOST = "$(BUILT_PRODUCTS_DIR)/FAU FabLab.app/FAU FabLab";
			};
			name = Debug;
		};
		5060B1F61B4EFE2A008B41FD /* Release */ = {
			isa = XCBuildConfiguration;
			buildSettings = {
				BUNDLE_LOADER = "$(TEST_HOST)";
				FRAMEWORK_SEARCH_PATHS = (
					"$(SDKROOT)/Developer/Library/Frameworks",
					"$(inherited)",
				);
				INFOPLIST_FILE = "FAU FabLabTests/Info.plist";
				LD_RUNPATH_SEARCH_PATHS = "$(inherited) @executable_path/Frameworks @loader_path/Frameworks";
				PRODUCT_NAME = "$(TARGET_NAME)";
				TEST_HOST = "$(BUILT_PRODUCTS_DIR)/FAU FabLab.app/FAU FabLab";
			};
			name = Release;
		};
/* End XCBuildConfiguration section */

/* Begin XCConfigurationList section */
		5060B1CB1B4EFE29008B41FD /* Build configuration list for PBXProject "FAU FabLab" */ = {
			isa = XCConfigurationList;
			buildConfigurations = (
				5060B1EF1B4EFE2A008B41FD /* Debug */,
				5060B1F01B4EFE2A008B41FD /* Release */,
			);
			defaultConfigurationIsVisible = 0;
			defaultConfigurationName = Release;
		};
		5060B1F11B4EFE2A008B41FD /* Build configuration list for PBXNativeTarget "FAU FabLab" */ = {
			isa = XCConfigurationList;
			buildConfigurations = (
				5060B1F21B4EFE2A008B41FD /* Debug */,
				5060B1F31B4EFE2A008B41FD /* Release */,
			);
			defaultConfigurationIsVisible = 0;
			defaultConfigurationName = Release;
		};
		5060B1F41B4EFE2A008B41FD /* Build configuration list for PBXNativeTarget "FAU FabLabTests" */ = {
			isa = XCConfigurationList;
			buildConfigurations = (
				5060B1F51B4EFE2A008B41FD /* Debug */,
				5060B1F61B4EFE2A008B41FD /* Release */,
			);
			defaultConfigurationIsVisible = 0;
			defaultConfigurationName = Release;
		};
/* End XCConfigurationList section */

/* Begin XCVersionGroup section */
		923E1F2D1B7AA3F7009CC545 /* CoreDataModel.xcdatamodeld */ = {
			isa = XCVersionGroup;
			children = (
				48B7C0DD1B84833400DC9B2D /* CoreDataModel 2.xcdatamodel */,
				923E1F2E1B7AA3F7009CC545 /* CoreDataModel.xcdatamodel */,
			);
			currentVersion = 48B7C0DD1B84833400DC9B2D /* CoreDataModel 2.xcdatamodel */;
			path = CoreDataModel.xcdatamodeld;
			sourceTree = "<group>";
			versionGroupType = wrapper.xcdatamodel;
		};
/* End XCVersionGroup section */
	};
	rootObject = 5060B1C81B4EFE29008B41FD /* Project object */;
}
