// !$*UTF8*$!
{
	archiveVersion = 1;
	classes = {
	};
	objectVersion = 46;
	objects = {

/* Begin PBXBuildFile section */
		5060B1D61B4EFE2A008B41FD /* AppDelegate.swift in Sources */ = {isa = PBXBuildFile; fileRef = 5060B1D51B4EFE2A008B41FD /* AppDelegate.swift */; };
		5060B1DD1B4EFE2A008B41FD /* Main.storyboard in Resources */ = {isa = PBXBuildFile; fileRef = 5060B1DB1B4EFE2A008B41FD /* Main.storyboard */; };
		5060B1E21B4EFE2A008B41FD /* LaunchScreen.xib in Resources */ = {isa = PBXBuildFile; fileRef = 5060B1E01B4EFE2A008B41FD /* LaunchScreen.xib */; };
		5060B1EE1B4EFE2A008B41FD /* FAU_FabLabTests.swift in Sources */ = {isa = PBXBuildFile; fileRef = 5060B1ED1B4EFE2A008B41FD /* FAU_FabLabTests.swift */; };
		507493681B5BFE6F0035BEB4 /* SwiftyJSON.framework in Frameworks */ = {isa = PBXBuildFile; fileRef = 507493671B5BFE6F0035BEB4 /* SwiftyJSON.framework */; };
		507BA38E1B5A7C0300E5DCF3 /* Cartfile in Resources */ = {isa = PBXBuildFile; fileRef = 507BA38D1B5A7C0300E5DCF3 /* Cartfile */; };
		84E7C82F1B66A07200A24193 /* RSBarcodes.framework in Frameworks */ = {isa = PBXBuildFile; fileRef = 84DC93121B669E0100981977 /* RSBarcodes.framework */; };
		84E7C8301B66A07200A24193 /* RSBarcodes.framework in Embed Frameworks */ = {isa = PBXBuildFile; fileRef = 84DC93121B669E0100981977 /* RSBarcodes.framework */; settings = {ATTRIBUTES = (CodeSignOnCopy, RemoveHeadersOnCopy, ); }; };
		924352461B654CF200CBFA0C /* Kingfisher.framework in Frameworks */ = {isa = PBXBuildFile; fileRef = 924352451B654CF200CBFA0C /* Kingfisher.framework */; };
		925AC32F1B6C245700057C7F /* Alamofire.framework in Frameworks */ = {isa = PBXBuildFile; fileRef = 925AC32E1B6C245700057C7F /* Alamofire.framework */; };
		927901BD1B6D3A7F00F95B09 /* ec2-52-28-16-59.eu-central-1.compute.amazonaws.com.cer in Resources */ = {isa = PBXBuildFile; fileRef = 927901BC1B6D3A7F00F95B09 /* ec2-52-28-16-59.eu-central-1.compute.amazonaws.com.cer */; };
		927901C21B6D3AF300F95B09 /* news_nopicture.png in Resources */ = {isa = PBXBuildFile; fileRef = 927901C11B6D3AF300F95B09 /* news_nopicture.png */; };
		927901C41B6D3B2B00F95B09 /* Images.xcassets in Resources */ = {isa = PBXBuildFile; fileRef = 927901C31B6D3B2B00F95B09 /* Images.xcassets */; };
		927901CA1B6D3B9300F95B09 /* RestManager.swift in Sources */ = {isa = PBXBuildFile; fileRef = 927901C91B6D3B9300F95B09 /* RestManager.swift */; };
		927901D71B6D3EED00F95B09 /* NewsCustomCell.swift in Sources */ = {isa = PBXBuildFile; fileRef = 927901D61B6D3EED00F95B09 /* NewsCustomCell.swift */; };
		927901DC1B6D3F5700F95B09 /* BarcodeViewController.swift in Sources */ = {isa = PBXBuildFile; fileRef = 927901DB1B6D3F5700F95B09 /* BarcodeViewController.swift */; };
		927901DE1B6D3F5C00F95B09 /* EventsViewController.swift in Sources */ = {isa = PBXBuildFile; fileRef = 927901DD1B6D3F5C00F95B09 /* EventsViewController.swift */; };
		927901E11B6D3F6300F95B09 /* NewsDetailsViewController.swift in Sources */ = {isa = PBXBuildFile; fileRef = 927901DF1B6D3F6300F95B09 /* NewsDetailsViewController.swift */; };
		927901E21B6D3F6300F95B09 /* NewsViewController.swift in Sources */ = {isa = PBXBuildFile; fileRef = 927901E01B6D3F6300F95B09 /* NewsViewController.swift */; };
		927901E51B6D4AE300F95B09 /* NewsModel.swift in Sources */ = {isa = PBXBuildFile; fileRef = 927901E41B6D4AE300F95B09 /* NewsModel.swift */; };
		928054F41B6D893300D0D4FB /* ObjectMapper.framework in Frameworks */ = {isa = PBXBuildFile; fileRef = 928054F31B6D893300D0D4FB /* ObjectMapper.framework */; };
		928054F61B6D8A0C00D0D4FB /* News.swift in Sources */ = {isa = PBXBuildFile; fileRef = 928054F51B6D8A0C00D0D4FB /* News.swift */; };
/* End PBXBuildFile section */

/* Begin PBXContainerItemProxy section */
		5060B1E81B4EFE2A008B41FD /* PBXContainerItemProxy */ = {
			isa = PBXContainerItemProxy;
			containerPortal = 5060B1C81B4EFE29008B41FD /* Project object */;
			proxyType = 1;
			remoteGlobalIDString = 5060B1CF1B4EFE2A008B41FD;
			remoteInfo = "FAU FabLab";
		};
/* End PBXContainerItemProxy section */

/* Begin PBXCopyFilesBuildPhase section */
		84E7C8311B66A07200A24193 /* Embed Frameworks */ = {
			isa = PBXCopyFilesBuildPhase;
			buildActionMask = 2147483647;
			dstPath = "";
			dstSubfolderSpec = 10;
			files = (
				84E7C8301B66A07200A24193 /* RSBarcodes.framework in Embed Frameworks */,
			);
			name = "Embed Frameworks";
			runOnlyForDeploymentPostprocessing = 0;
		};
/* End PBXCopyFilesBuildPhase section */

/* Begin PBXFileReference section */
		5060B1D01B4EFE2A008B41FD /* FAU FabLab.app */ = {isa = PBXFileReference; explicitFileType = wrapper.application; includeInIndex = 0; path = "FAU FabLab.app"; sourceTree = BUILT_PRODUCTS_DIR; };
		5060B1D41B4EFE2A008B41FD /* Info.plist */ = {isa = PBXFileReference; lastKnownFileType = text.plist.xml; path = Info.plist; sourceTree = "<group>"; };
		5060B1D51B4EFE2A008B41FD /* AppDelegate.swift */ = {isa = PBXFileReference; lastKnownFileType = sourcecode.swift; path = AppDelegate.swift; sourceTree = "<group>"; };
		5060B1DC1B4EFE2A008B41FD /* Base */ = {isa = PBXFileReference; lastKnownFileType = file.storyboard; name = Base; path = Base.lproj/Main.storyboard; sourceTree = "<group>"; };
		5060B1E11B4EFE2A008B41FD /* Base */ = {isa = PBXFileReference; lastKnownFileType = file.xib; name = Base; path = Base.lproj/LaunchScreen.xib; sourceTree = "<group>"; };
		5060B1E71B4EFE2A008B41FD /* FAU FabLabTests.xctest */ = {isa = PBXFileReference; explicitFileType = wrapper.cfbundle; includeInIndex = 0; path = "FAU FabLabTests.xctest"; sourceTree = BUILT_PRODUCTS_DIR; };
		5060B1EC1B4EFE2A008B41FD /* Info.plist */ = {isa = PBXFileReference; lastKnownFileType = text.plist.xml; path = Info.plist; sourceTree = "<group>"; };
		5060B1ED1B4EFE2A008B41FD /* FAU_FabLabTests.swift */ = {isa = PBXFileReference; lastKnownFileType = sourcecode.swift; path = FAU_FabLabTests.swift; sourceTree = "<group>"; };
		507493671B5BFE6F0035BEB4 /* SwiftyJSON.framework */ = {isa = PBXFileReference; lastKnownFileType = wrapper.framework; name = SwiftyJSON.framework; path = Carthage/Build/iOS/SwiftyJSON.framework; sourceTree = "<group>"; };
		507BA38D1B5A7C0300E5DCF3 /* Cartfile */ = {isa = PBXFileReference; fileEncoding = 4; lastKnownFileType = text; path = Cartfile; sourceTree = "<group>"; };
		84DC93121B669E0100981977 /* RSBarcodes.framework */ = {isa = PBXFileReference; lastKnownFileType = wrapper.framework; name = RSBarcodes.framework; path = Carthage/Build/iOS/RSBarcodes.framework; sourceTree = "<group>"; };
		924352451B654CF200CBFA0C /* Kingfisher.framework */ = {isa = PBXFileReference; lastKnownFileType = wrapper.framework; name = Kingfisher.framework; path = Carthage/Build/iOS/Kingfisher.framework; sourceTree = "<group>"; };
		925AC32E1B6C245700057C7F /* Alamofire.framework */ = {isa = PBXFileReference; lastKnownFileType = wrapper.framework; name = Alamofire.framework; path = Carthage/Build/iOS/Alamofire.framework; sourceTree = "<group>"; };
		927901BC1B6D3A7F00F95B09 /* ec2-52-28-16-59.eu-central-1.compute.amazonaws.com.cer */ = {isa = PBXFileReference; lastKnownFileType = file; path = "ec2-52-28-16-59.eu-central-1.compute.amazonaws.com.cer"; sourceTree = "<group>"; };
		927901C11B6D3AF300F95B09 /* news_nopicture.png */ = {isa = PBXFileReference; lastKnownFileType = image.png; path = news_nopicture.png; sourceTree = "<group>"; };
		927901C31B6D3B2B00F95B09 /* Images.xcassets */ = {isa = PBXFileReference; lastKnownFileType = folder.assetcatalog; path = Images.xcassets; sourceTree = "<group>"; };
		927901C91B6D3B9300F95B09 /* RestManager.swift */ = {isa = PBXFileReference; fileEncoding = 4; lastKnownFileType = sourcecode.swift; path = RestManager.swift; sourceTree = "<group>"; };
		927901D61B6D3EED00F95B09 /* NewsCustomCell.swift */ = {isa = PBXFileReference; fileEncoding = 4; lastKnownFileType = sourcecode.swift; path = NewsCustomCell.swift; sourceTree = "<group>"; };
		927901DB1B6D3F5700F95B09 /* BarcodeViewController.swift */ = {isa = PBXFileReference; fileEncoding = 4; lastKnownFileType = sourcecode.swift; path = BarcodeViewController.swift; sourceTree = "<group>"; };
		927901DD1B6D3F5C00F95B09 /* EventsViewController.swift */ = {isa = PBXFileReference; fileEncoding = 4; lastKnownFileType = sourcecode.swift; path = EventsViewController.swift; sourceTree = "<group>"; };
		927901DF1B6D3F6300F95B09 /* NewsDetailsViewController.swift */ = {isa = PBXFileReference; fileEncoding = 4; lastKnownFileType = sourcecode.swift; path = NewsDetailsViewController.swift; sourceTree = "<group>"; };
		927901E01B6D3F6300F95B09 /* NewsViewController.swift */ = {isa = PBXFileReference; fileEncoding = 4; lastKnownFileType = sourcecode.swift; path = NewsViewController.swift; sourceTree = "<group>"; };
		927901E41B6D4AE300F95B09 /* NewsModel.swift */ = {isa = PBXFileReference; fileEncoding = 4; lastKnownFileType = sourcecode.swift; path = NewsModel.swift; sourceTree = "<group>"; };
		928054F31B6D893300D0D4FB /* ObjectMapper.framework */ = {isa = PBXFileReference; lastKnownFileType = wrapper.framework; name = ObjectMapper.framework; path = Carthage/Build/iOS/ObjectMapper.framework; sourceTree = "<group>"; };
		928054F51B6D8A0C00D0D4FB /* News.swift */ = {isa = PBXFileReference; fileEncoding = 4; lastKnownFileType = sourcecode.swift; path = News.swift; sourceTree = "<group>"; };
/* End PBXFileReference section */

/* Begin PBXFrameworksBuildPhase section */
		5060B1CD1B4EFE2A008B41FD /* Frameworks */ = {
			isa = PBXFrameworksBuildPhase;
			buildActionMask = 2147483647;
			files = (
				84E7C82F1B66A07200A24193 /* RSBarcodes.framework in Frameworks */,
				924352461B654CF200CBFA0C /* Kingfisher.framework in Frameworks */,
				928054F41B6D893300D0D4FB /* ObjectMapper.framework in Frameworks */,
				507493681B5BFE6F0035BEB4 /* SwiftyJSON.framework in Frameworks */,
				925AC32F1B6C245700057C7F /* Alamofire.framework in Frameworks */,
			);
			runOnlyForDeploymentPostprocessing = 0;
		};
		5060B1E41B4EFE2A008B41FD /* Frameworks */ = {
			isa = PBXFrameworksBuildPhase;
			buildActionMask = 2147483647;
			files = (
			);
			runOnlyForDeploymentPostprocessing = 0;
		};
/* End PBXFrameworksBuildPhase section */

/* Begin PBXGroup section */
		500A2CA11B63DCF4005CC8CF /* Controllers */ = {
			isa = PBXGroup;
			children = (
				927901DA1B6D3F3D00F95B09 /* BarcodeScanner */,
				927901D91B6D3F3800F95B09 /* Events */,
				927901D81B6D3EFC00F95B09 /* News */,
			);
			path = Controllers;
			sourceTree = "<group>";
		};
		500A2CA21B63FB6E005CC8CF /* Models */ = {
			isa = PBXGroup;
			children = (
				927901E31B6D4ABB00F95B09 /* News */,
			);
			path = Models;
			sourceTree = "<group>";
		};
		5060B1C71B4EFE29008B41FD = {
			isa = PBXGroup;
			children = (
				927901B91B6D39FF00F95B09 /* Libraries */,
				507BA38D1B5A7C0300E5DCF3 /* Cartfile */,
				5060B1D21B4EFE2A008B41FD /* FAU FabLab */,
				5060B1EA1B4EFE2A008B41FD /* FAU FabLabTests */,
				5060B1D11B4EFE2A008B41FD /* Products */,
			);
			sourceTree = "<group>";
		};
		5060B1D11B4EFE2A008B41FD /* Products */ = {
			isa = PBXGroup;
			children = (
				5060B1D01B4EFE2A008B41FD /* FAU FabLab.app */,
				5060B1E71B4EFE2A008B41FD /* FAU FabLabTests.xctest */,
			);
			name = Products;
			sourceTree = "<group>";
		};
		5060B1D21B4EFE2A008B41FD /* FAU FabLab */ = {
			isa = PBXGroup;
			children = (
				927901C81B6D3B8400F95B09 /* Helpers */,
				927901C51B6D3B4A00F95B09 /* Views */,
				927901BA1B6D3A1600F95B09 /* Assets */,
				500A2CA21B63FB6E005CC8CF /* Models */,
				5060B1D51B4EFE2A008B41FD /* AppDelegate.swift */,
				500A2CA11B63DCF4005CC8CF /* Controllers */,
				5060B1D31B4EFE2A008B41FD /* Supporting Files */,
			);
			path = "FAU FabLab";
			sourceTree = "<group>";
		};
		5060B1D31B4EFE2A008B41FD /* Supporting Files */ = {
			isa = PBXGroup;
			children = (
				5060B1D41B4EFE2A008B41FD /* Info.plist */,
			);
			name = "Supporting Files";
			sourceTree = "<group>";
		};
		5060B1EA1B4EFE2A008B41FD /* FAU FabLabTests */ = {
			isa = PBXGroup;
			children = (
				5060B1ED1B4EFE2A008B41FD /* FAU_FabLabTests.swift */,
				5060B1EB1B4EFE2A008B41FD /* Supporting Files */,
			);
			path = "FAU FabLabTests";
			sourceTree = "<group>";
		};
		5060B1EB1B4EFE2A008B41FD /* Supporting Files */ = {
			isa = PBXGroup;
			children = (
				5060B1EC1B4EFE2A008B41FD /* Info.plist */,
			);
			name = "Supporting Files";
			sourceTree = "<group>";
		};
		927901B91B6D39FF00F95B09 /* Libraries */ = {
			isa = PBXGroup;
			children = (
				928054F31B6D893300D0D4FB /* ObjectMapper.framework */,
				925AC32E1B6C245700057C7F /* Alamofire.framework */,
				84DC93121B669E0100981977 /* RSBarcodes.framework */,
				924352451B654CF200CBFA0C /* Kingfisher.framework */,
				507493671B5BFE6F0035BEB4 /* SwiftyJSON.framework */,
			);
			name = Libraries;
			sourceTree = "<group>";
		};
		927901BA1B6D3A1600F95B09 /* Assets */ = {
			isa = PBXGroup;
			children = (
				927901C31B6D3B2B00F95B09 /* Images.xcassets */,
				927901C01B6D3AE400F95B09 /* images */,
				927901BB1B6D3A6800F95B09 /* certs */,
			);
			path = Assets;
			sourceTree = "<group>";
		};
		927901BB1B6D3A6800F95B09 /* certs */ = {
			isa = PBXGroup;
			children = (
				927901BC1B6D3A7F00F95B09 /* ec2-52-28-16-59.eu-central-1.compute.amazonaws.com.cer */,
			);
			path = certs;
			sourceTree = "<group>";
		};
		927901C01B6D3AE400F95B09 /* images */ = {
			isa = PBXGroup;
			children = (
				927901C11B6D3AF300F95B09 /* news_nopicture.png */,
			);
			path = images;
			sourceTree = "<group>";
		};
		927901C51B6D3B4A00F95B09 /* Views */ = {
			isa = PBXGroup;
			children = (
				927901D51B6D3EC300F95B09 /* CustomViews */,
				5060B1DB1B4EFE2A008B41FD /* Main.storyboard */,
				5060B1E01B4EFE2A008B41FD /* LaunchScreen.xib */,
			);
			path = Views;
			sourceTree = "<group>";
		};
		927901C81B6D3B8400F95B09 /* Helpers */ = {
			isa = PBXGroup;
			children = (
				927901C91B6D3B9300F95B09 /* RestManager.swift */,
			);
			path = Helpers;
			sourceTree = "<group>";
		};
		927901D51B6D3EC300F95B09 /* CustomViews */ = {
			isa = PBXGroup;
			children = (
				927901D61B6D3EED00F95B09 /* NewsCustomCell.swift */,
			);
			path = CustomViews;
			sourceTree = "<group>";
		};
		927901D81B6D3EFC00F95B09 /* News */ = {
			isa = PBXGroup;
			children = (
				927901DF1B6D3F6300F95B09 /* NewsDetailsViewController.swift */,
				927901E01B6D3F6300F95B09 /* NewsViewController.swift */,
			);
			path = News;
			sourceTree = "<group>";
		};
		927901D91B6D3F3800F95B09 /* Events */ = {
			isa = PBXGroup;
			children = (
				927901DD1B6D3F5C00F95B09 /* EventsViewController.swift */,
			);
			path = Events;
			sourceTree = "<group>";
		};
		927901DA1B6D3F3D00F95B09 /* BarcodeScanner */ = {
			isa = PBXGroup;
			children = (
				927901DB1B6D3F5700F95B09 /* BarcodeViewController.swift */,
			);
			path = BarcodeScanner;
			sourceTree = "<group>";
		};
		927901E31B6D4ABB00F95B09 /* News */ = {
			isa = PBXGroup;
			children = (
				927901E41B6D4AE300F95B09 /* NewsModel.swift */,
				928054F51B6D8A0C00D0D4FB /* News.swift */,
			);
			path = News;
			sourceTree = "<group>";
		};
/* End PBXGroup section */

/* Begin PBXNativeTarget section */
		5060B1CF1B4EFE2A008B41FD /* FAU FabLab */ = {
			isa = PBXNativeTarget;
			buildConfigurationList = 5060B1F11B4EFE2A008B41FD /* Build configuration list for PBXNativeTarget "FAU FabLab" */;
			buildPhases = (
				5060B1CC1B4EFE2A008B41FD /* Sources */,
				5060B1CD1B4EFE2A008B41FD /* Frameworks */,
				5060B1CE1B4EFE2A008B41FD /* Resources */,
				507493691B5BFE860035BEB4 /* ShellScript */,
				84E7C8311B66A07200A24193 /* Embed Frameworks */,
			);
			buildRules = (
			);
			dependencies = (
			);
			name = "FAU FabLab";
			productName = "FAU FabLab";
			productReference = 5060B1D01B4EFE2A008B41FD /* FAU FabLab.app */;
			productType = "com.apple.product-type.application";
		};
		5060B1E61B4EFE2A008B41FD /* FAU FabLabTests */ = {
			isa = PBXNativeTarget;
			buildConfigurationList = 5060B1F41B4EFE2A008B41FD /* Build configuration list for PBXNativeTarget "FAU FabLabTests" */;
			buildPhases = (
				5060B1E31B4EFE2A008B41FD /* Sources */,
				5060B1E41B4EFE2A008B41FD /* Frameworks */,
				5060B1E51B4EFE2A008B41FD /* Resources */,
			);
			buildRules = (
			);
			dependencies = (
				5060B1E91B4EFE2A008B41FD /* PBXTargetDependency */,
			);
			name = "FAU FabLabTests";
			productName = "FAU FabLabTests";
			productReference = 5060B1E71B4EFE2A008B41FD /* FAU FabLabTests.xctest */;
			productType = "com.apple.product-type.bundle.unit-test";
		};
/* End PBXNativeTarget section */

/* Begin PBXProject section */
		5060B1C81B4EFE29008B41FD /* Project object */ = {
			isa = PBXProject;
			attributes = {
				LastUpgradeCheck = 0640;
				ORGANIZATIONNAME = "FAU MAD FabLab";
				TargetAttributes = {
					5060B1CF1B4EFE2A008B41FD = {
						CreatedOnToolsVersion = 6.4;
						DevelopmentTeam = 3928PFTW6V;
					};
					5060B1E61B4EFE2A008B41FD = {
						CreatedOnToolsVersion = 6.4;
						TestTargetID = 5060B1CF1B4EFE2A008B41FD;
					};
				};
			};
			buildConfigurationList = 5060B1CB1B4EFE29008B41FD /* Build configuration list for PBXProject "FAU FabLab" */;
			compatibilityVersion = "Xcode 3.2";
			developmentRegion = English;
			hasScannedForEncodings = 0;
			knownRegions = (
				en,
				Base,
			);
			mainGroup = 5060B1C71B4EFE29008B41FD;
			productRefGroup = 5060B1D11B4EFE2A008B41FD /* Products */;
			projectDirPath = "";
			projectRoot = "";
			targets = (
				5060B1CF1B4EFE2A008B41FD /* FAU FabLab */,
				5060B1E61B4EFE2A008B41FD /* FAU FabLabTests */,
			);
		};
/* End PBXProject section */

/* Begin PBXResourcesBuildPhase section */
		5060B1CE1B4EFE2A008B41FD /* Resources */ = {
			isa = PBXResourcesBuildPhase;
			buildActionMask = 2147483647;
			files = (
				927901C21B6D3AF300F95B09 /* news_nopicture.png in Resources */,
				5060B1DD1B4EFE2A008B41FD /* Main.storyboard in Resources */,
				5060B1E21B4EFE2A008B41FD /* LaunchScreen.xib in Resources */,
				927901C41B6D3B2B00F95B09 /* Images.xcassets in Resources */,
				927901BD1B6D3A7F00F95B09 /* ec2-52-28-16-59.eu-central-1.compute.amazonaws.com.cer in Resources */,
				507BA38E1B5A7C0300E5DCF3 /* Cartfile in Resources */,
			);
			runOnlyForDeploymentPostprocessing = 0;
		};
		5060B1E51B4EFE2A008B41FD /* Resources */ = {
			isa = PBXResourcesBuildPhase;
			buildActionMask = 2147483647;
			files = (
			);
			runOnlyForDeploymentPostprocessing = 0;
		};
/* End PBXResourcesBuildPhase section */

/* Begin PBXShellScriptBuildPhase section */
		507493691B5BFE860035BEB4 /* ShellScript */ = {
			isa = PBXShellScriptBuildPhase;
			buildActionMask = 2147483647;
			files = (
			);
			inputPaths = (
				"$(SRCROOT)/Carthage/Build/iOS/SwiftyJSON.framework",
				"$(SRCROOT)/Carthage/Build/iOS/Kingfisher.framework",
				"$(SRCROOT)/Carthage/Build/iOS/Alamofire.framework",
				"$(SRCROOT)/Carthage/Build/iOS/ObjectMapper.framework",
			);
			outputPaths = (
			);
			runOnlyForDeploymentPostprocessing = 0;
			shellPath = "/usr/local/bin/carthage copy-frameworks";
			shellScript = "";
		};
/* End PBXShellScriptBuildPhase section */

/* Begin PBXSourcesBuildPhase section */
		5060B1CC1B4EFE2A008B41FD /* Sources */ = {
			isa = PBXSourcesBuildPhase;
			buildActionMask = 2147483647;
			files = (
				927901E51B6D4AE300F95B09 /* NewsModel.swift in Sources */,
				927901E11B6D3F6300F95B09 /* NewsDetailsViewController.swift in Sources */,
				5060B1D61B4EFE2A008B41FD /* AppDelegate.swift in Sources */,
				928054F61B6D8A0C00D0D4FB /* News.swift in Sources */,
				927901CA1B6D3B9300F95B09 /* RestManager.swift in Sources */,
				927901D71B6D3EED00F95B09 /* NewsCustomCell.swift in Sources */,
				927901DC1B6D3F5700F95B09 /* BarcodeViewController.swift in Sources */,
				927901DE1B6D3F5C00F95B09 /* EventsViewController.swift in Sources */,
				927901E21B6D3F6300F95B09 /* NewsViewController.swift in Sources */,
			);
			runOnlyForDeploymentPostprocessing = 0;
		};
		5060B1E31B4EFE2A008B41FD /* Sources */ = {
			isa = PBXSourcesBuildPhase;
			buildActionMask = 2147483647;
			files = (
				5060B1EE1B4EFE2A008B41FD /* FAU_FabLabTests.swift in Sources */,
			);
			runOnlyForDeploymentPostprocessing = 0;
		};
/* End PBXSourcesBuildPhase section */

/* Begin PBXTargetDependency section */
		5060B1E91B4EFE2A008B41FD /* PBXTargetDependency */ = {
			isa = PBXTargetDependency;
			target = 5060B1CF1B4EFE2A008B41FD /* FAU FabLab */;
			targetProxy = 5060B1E81B4EFE2A008B41FD /* PBXContainerItemProxy */;
		};
/* End PBXTargetDependency section */

/* Begin PBXVariantGroup section */
		5060B1DB1B4EFE2A008B41FD /* Main.storyboard */ = {
			isa = PBXVariantGroup;
			children = (
				5060B1DC1B4EFE2A008B41FD /* Base */,
			);
			name = Main.storyboard;
			path = ..;
			sourceTree = "<group>";
		};
		5060B1E01B4EFE2A008B41FD /* LaunchScreen.xib */ = {
			isa = PBXVariantGroup;
			children = (
				5060B1E11B4EFE2A008B41FD /* Base */,
			);
			name = LaunchScreen.xib;
			path = ..;
			sourceTree = "<group>";
		};
/* End PBXVariantGroup section */

/* Begin XCBuildConfiguration section */
		5060B1EF1B4EFE2A008B41FD /* Debug */ = {
			isa = XCBuildConfiguration;
			buildSettings = {
				ALWAYS_SEARCH_USER_PATHS = NO;
				CLANG_CXX_LANGUAGE_STANDARD = "gnu++0x";
				CLANG_CXX_LIBRARY = "libc++";
				CLANG_ENABLE_MODULES = YES;
				CLANG_ENABLE_OBJC_ARC = YES;
				CLANG_WARN_BOOL_CONVERSION = YES;
				CLANG_WARN_CONSTANT_CONVERSION = YES;
				CLANG_WARN_DIRECT_OBJC_ISA_USAGE = YES_ERROR;
				CLANG_WARN_EMPTY_BODY = YES;
				CLANG_WARN_ENUM_CONVERSION = YES;
				CLANG_WARN_INT_CONVERSION = YES;
				CLANG_WARN_OBJC_ROOT_CLASS = YES_ERROR;
				CLANG_WARN_UNREACHABLE_CODE = YES;
				CLANG_WARN__DUPLICATE_METHOD_MATCH = YES;
				CODE_SIGN_IDENTITY = "iPhone Developer";
				"CODE_SIGN_IDENTITY[sdk=iphoneos*]" = "iPhone Developer";
				COPY_PHASE_STRIP = NO;
				DEBUG_INFORMATION_FORMAT = "dwarf-with-dsym";
				ENABLE_STRICT_OBJC_MSGSEND = YES;
				GCC_C_LANGUAGE_STANDARD = gnu99;
				GCC_DYNAMIC_NO_PIC = NO;
				GCC_NO_COMMON_BLOCKS = YES;
				GCC_OPTIMIZATION_LEVEL = 0;
				GCC_PREPROCESSOR_DEFINITIONS = (
					"DEBUG=1",
					"$(inherited)",
				);
				GCC_SYMBOLS_PRIVATE_EXTERN = NO;
				GCC_WARN_64_TO_32_BIT_CONVERSION = YES;
				GCC_WARN_ABOUT_RETURN_TYPE = YES_ERROR;
				GCC_WARN_UNDECLARED_SELECTOR = YES;
				GCC_WARN_UNINITIALIZED_AUTOS = YES_AGGRESSIVE;
				GCC_WARN_UNUSED_FUNCTION = YES;
				GCC_WARN_UNUSED_VARIABLE = YES;
				IPHONEOS_DEPLOYMENT_TARGET = 8.0;
				MTL_ENABLE_DEBUG_INFO = YES;
				ONLY_ACTIVE_ARCH = YES;
				SDKROOT = iphoneos;
				SWIFT_OPTIMIZATION_LEVEL = "-Onone";
				TARGETED_DEVICE_FAMILY = "1,2";
			};
			name = Debug;
		};
		5060B1F01B4EFE2A008B41FD /* Release */ = {
			isa = XCBuildConfiguration;
			buildSettings = {
				ALWAYS_SEARCH_USER_PATHS = NO;
				CLANG_CXX_LANGUAGE_STANDARD = "gnu++0x";
				CLANG_CXX_LIBRARY = "libc++";
				CLANG_ENABLE_MODULES = YES;
				CLANG_ENABLE_OBJC_ARC = YES;
				CLANG_WARN_BOOL_CONVERSION = YES;
				CLANG_WARN_CONSTANT_CONVERSION = YES;
				CLANG_WARN_DIRECT_OBJC_ISA_USAGE = YES_ERROR;
				CLANG_WARN_EMPTY_BODY = YES;
				CLANG_WARN_ENUM_CONVERSION = YES;
				CLANG_WARN_INT_CONVERSION = YES;
				CLANG_WARN_OBJC_ROOT_CLASS = YES_ERROR;
				CLANG_WARN_UNREACHABLE_CODE = YES;
				CLANG_WARN__DUPLICATE_METHOD_MATCH = YES;
				CODE_SIGN_IDENTITY = "iPhone Developer";
				"CODE_SIGN_IDENTITY[sdk=iphoneos*]" = "iPhone Developer";
				COPY_PHASE_STRIP = NO;
				DEBUG_INFORMATION_FORMAT = "dwarf-with-dsym";
				ENABLE_NS_ASSERTIONS = NO;
				ENABLE_STRICT_OBJC_MSGSEND = YES;
				GCC_C_LANGUAGE_STANDARD = gnu99;
				GCC_NO_COMMON_BLOCKS = YES;
				GCC_WARN_64_TO_32_BIT_CONVERSION = YES;
				GCC_WARN_ABOUT_RETURN_TYPE = YES_ERROR;
				GCC_WARN_UNDECLARED_SELECTOR = YES;
				GCC_WARN_UNINITIALIZED_AUTOS = YES_AGGRESSIVE;
				GCC_WARN_UNUSED_FUNCTION = YES;
				GCC_WARN_UNUSED_VARIABLE = YES;
				IPHONEOS_DEPLOYMENT_TARGET = 8.0;
				MTL_ENABLE_DEBUG_INFO = NO;
				SDKROOT = iphoneos;
				TARGETED_DEVICE_FAMILY = "1,2";
				VALIDATE_PRODUCT = YES;
			};
			name = Release;
		};
		5060B1F21B4EFE2A008B41FD /* Debug */ = {
			isa = XCBuildConfiguration;
			buildSettings = {
				ASSETCATALOG_COMPILER_APPICON_NAME = AppIcon;
				CLANG_ENABLE_MODULES = YES;
				CODE_SIGN_IDENTITY = "iPhone Developer";
				FRAMEWORK_SEARCH_PATHS = (
					"$(inherited)",
					"$(PROJECT_DIR)/Carthage/Build/iOS",
					"$(PROJECT_DIR)/Carthage/Checkouts/RSBarcodes_Swift/build/Debug-iphoneos",
				);
				INFOPLIST_FILE = "FAU FabLab/Info.plist";
				IPHONEOS_DEPLOYMENT_TARGET = 8.1;
				LD_RUNPATH_SEARCH_PATHS = "$(inherited) @executable_path/Frameworks";
				PRODUCT_NAME = "$(TARGET_NAME)";
				SDKROOT = iphoneos;
				SWIFT_OPTIMIZATION_LEVEL = "-Onone";
			};
			name = Debug;
		};
		5060B1F31B4EFE2A008B41FD /* Release */ = {
			isa = XCBuildConfiguration;
			buildSettings = {
				ASSETCATALOG_COMPILER_APPICON_NAME = AppIcon;
				CLANG_ENABLE_MODULES = YES;
				CODE_SIGN_IDENTITY = "iPhone Developer";
				FRAMEWORK_SEARCH_PATHS = (
					"$(inherited)",
					"$(PROJECT_DIR)/Carthage/Build/iOS",
					"$(PROJECT_DIR)/Carthage/Checkouts/RSBarcodes_Swift/build/Debug-iphoneos",
				);
				INFOPLIST_FILE = "FAU FabLab/Info.plist";
				IPHONEOS_DEPLOYMENT_TARGET = 8.1;
				LD_RUNPATH_SEARCH_PATHS = "$(inherited) @executable_path/Frameworks";
				PRODUCT_NAME = "$(TARGET_NAME)";
				SDKROOT = iphoneos;
			};
			name = Release;
		};
		5060B1F51B4EFE2A008B41FD /* Debug */ = {
			isa = XCBuildConfiguration;
			buildSettings = {
				BUNDLE_LOADER = "$(TEST_HOST)";
				FRAMEWORK_SEARCH_PATHS = (
					"$(SDKROOT)/Developer/Library/Frameworks",
					"$(inherited)",
				);
				GCC_PREPROCESSOR_DEFINITIONS = (
					"DEBUG=1",
					"$(inherited)",
				);
				INFOPLIST_FILE = "FAU FabLabTests/Info.plist";
				LD_RUNPATH_SEARCH_PATHS = "$(inherited) @executable_path/Frameworks @loader_path/Frameworks";
				PRODUCT_NAME = "$(TARGET_NAME)";
				TEST_HOST = "$(BUILT_PRODUCTS_DIR)/FAU FabLab.app/FAU FabLab";
			};
			name = Debug;
		};
		5060B1F61B4EFE2A008B41FD /* Release */ = {
			isa = XCBuildConfiguration;
			buildSettings = {
				BUNDLE_LOADER = "$(TEST_HOST)";
				FRAMEWORK_SEARCH_PATHS = (
					"$(SDKROOT)/Developer/Library/Frameworks",
					"$(inherited)",
				);
				INFOPLIST_FILE = "FAU FabLabTests/Info.plist";
				LD_RUNPATH_SEARCH_PATHS = "$(inherited) @executable_path/Frameworks @loader_path/Frameworks";
				PRODUCT_NAME = "$(TARGET_NAME)";
				TEST_HOST = "$(BUILT_PRODUCTS_DIR)/FAU FabLab.app/FAU FabLab";
			};
			name = Release;
		};
/* End XCBuildConfiguration section */

/* Begin XCConfigurationList section */
		5060B1CB1B4EFE29008B41FD /* Build configuration list for PBXProject "FAU FabLab" */ = {
			isa = XCConfigurationList;
			buildConfigurations = (
				5060B1EF1B4EFE2A008B41FD /* Debug */,
				5060B1F01B4EFE2A008B41FD /* Release */,
			);
			defaultConfigurationIsVisible = 0;
			defaultConfigurationName = Release;
		};
		5060B1F11B4EFE2A008B41FD /* Build configuration list for PBXNativeTarget "FAU FabLab" */ = {
			isa = XCConfigurationList;
			buildConfigurations = (
				5060B1F21B4EFE2A008B41FD /* Debug */,
				5060B1F31B4EFE2A008B41FD /* Release */,
			);
			defaultConfigurationIsVisible = 0;
			defaultConfigurationName = Release;
		};
		5060B1F41B4EFE2A008B41FD /* Build configuration list for PBXNativeTarget "FAU FabLabTests" */ = {
			isa = XCConfigurationList;
			buildConfigurations = (
				5060B1F51B4EFE2A008B41FD /* Debug */,
				5060B1F61B4EFE2A008B41FD /* Release */,
			);
			defaultConfigurationIsVisible = 0;
			defaultConfigurationName = Release;
		};
/* End XCConfigurationList section */
	};
	rootObject = 5060B1C81B4EFE29008B41FD /* Project object */;
}
